{
	"name": "@rbxts/maid",
	"version": "1.1.0",
	"lockfileVersion": 2,
	"requires": true,
	"packages": {
		"": {
			"name": "@rbxts/maid",
			"version": "1.1.0",
			"license": "ISC",
			"devDependencies": {
				"@rbxts/types": "^1.0.680"
			}
		},
		"node_modules/@rbxts/types": {
			"version": "1.0.680",
			"resolved": "https://registry.npmjs.org/@rbxts/types/-/types-1.0.680.tgz",
			"integrity": "sha512-ErgCw19e8zWrczua4QPKOovsHni15WubuBuvNPB4Cldfi0xHjvIS57rAzHUq5WAl6HthAHP1jJpGuwFHzVuxJQ==",
			"dev": true
		}
	},
	"dependencies": {
		"@rbxts/types": {
			"version": "1.0.680",
			"resolved": "https://registry.npmjs.org/@rbxts/types/-/types-1.0.680.tgz",
			"integrity": "sha512-ErgCw19e8zWrczua4QPKOovsHni15WubuBuvNPB4Cldfi0xHjvIS57rAzHUq5WAl6HthAHP1jJpGuwFHzVuxJQ==",
			"dev": true
		}
	}
}
